
Microsoft Visual Studio Solution File, Format Version 12.00
# Visual Studio Version 16
VisualStudioVersion = 16.0.30413.136
MinimumVisualStudioVersion = 10.0.40219.1
Project("{9A19103F-16F7-4668-BE54-9A1E7A4F7556}") = "CoreDevelopmentGeneral", "CoreDevelopmentGeneral\CoreDevelopmentGeneral.csproj", "{00B3FA43-95B6-45FB-9C9A-69741D0B779E}"
EndProject
Project("{FAE04EC0-301F-11D3-BF4B-00C04F79EFBC}") = "CoreDevelopmentApp.Data", "CoreDevelopmentApp.Data\CoreDevelopmentApp.Data.csproj", "{3DCD0143-8E2C-49C1-837A-A0BB281A5F94}"
EndProject
Project("{FAE04EC0-301F-11D3-BF4B-00C04F79EFBC}") = "CoreDevelopmentApp.Models", "CoreDevelopmentApp.Models\CoreDevelopmentApp.Models.csproj", "{E39C7B70-DB6E-40EC-8ACA-492CEBB730CE}"
EndProject
Global
	GlobalSection(SolutionConfigurationPlatforms) = preSolution
		Debug|Any CPU = Debug|Any CPU
		Release|Any CPU = Release|Any CPU
	EndGlobalSection
	GlobalSection(ProjectConfigurationPlatforms) = postSolution
		{00B3FA43-95B6-45FB-9C9A-69741D0B779E}.Debug|Any CPU.ActiveCfg = Debug|Any CPU
		{00B3FA43-95B6-45FB-9C9A-69741D0B779E}.Debug|Any CPU.Build.0 = Debug|Any CPU
		{00B3FA43-95B6-45FB-9C9A-69741D0B779E}.Release|Any CPU.ActiveCfg = Release|Any CPU
		{00B3FA43-95B6-45FB-9C9A-69741D0B779E}.Release|Any CPU.Build.0 = Release|Any CPU
		{3DCD0143-8E2C-49C1-837A-A0BB281A5F94}.Debug|Any CPU.ActiveCfg = Debug|Any CPU
		{3DCD0143-8E2C-49C1-837A-A0BB281A5F94}.Debug|Any CPU.Build.0 = Debug|Any CPU
		{3DCD0143-8E2C-49C1-837A-A0BB281A5F94}.Release|Any CPU.ActiveCfg = Release|Any CPU
		{3DCD0143-8E2C-49C1-837A-A0BB281A5F94}.Release|Any CPU.Build.0 = Release|Any CPU
		{E39C7B70-DB6E-40EC-8ACA-492CEBB730CE}.Debug|Any CPU.ActiveCfg = Debug|Any CPU
		{E39C7B70-DB6E-40EC-8ACA-492CEBB730CE}.Debug|Any CPU.Build.0 = Debug|Any CPU
		{E39C7B70-DB6E-40EC-8ACA-492CEBB730CE}.Release|Any CPU.ActiveCfg = Release|Any CPU
		{E39C7B70-DB6E-40EC-8ACA-492CEBB730CE}.Release|Any CPU.Build.0 = Release|Any CPU
	EndGlobalSection
	GlobalSection(SolutionProperties) = preSolution
		HideSolutionNode = FALSE
	EndGlobalSection
	GlobalSection(ExtensibilityGlobals) = postSolution
		SolutionGuid = {04D9498B-CCA2-46B4-B285-507B7DC85C55}
	EndGlobalSection
EndGlobal
